{
  "originHash" : "6aca3e49a875625c09d31258253a241bd480c90e7d76fed2dfe0c8877619c78a",
  "pins" : [
    {
      "identity" : "kuzu-swift",
      "kind" : "remoteSourceControl",
      "location" : "https://github.com/kuzudb/kuzu-swift/",
      "state" : {
        "revision" : "bcbb00732bd4c3f82ae970a3e99cfb8765ac4192",
        "version" : "0.11.0"
      }
    }
  ],
  "version" : 3
}
